
Microsoft Visual Studio Solution File, Format Version 12.00
# Visual Studio 15
VisualStudioVersion = 15.0.27004.2009
MinimumVisualStudioVersion = 10.0.40219.1
Project("{9A19103F-16F7-4668-BE54-9A1E7A4F7556}") = "FightGameRaul", "FightGameRaul\FightGameRaul.csproj", "{6F9A09B1-7ECC-4C38-B376-8B50A6512335}"
EndProject
Project("{FAE04EC0-301F-11D3-BF4B-00C04F79EFBC}") = "FightGameRaulApi", "FightGameRaulApi\FightGameRaulApi.csproj", "{560360A2-C777-48B9-8951-B09981F73D62}"
EndProject
Project("{FAE04EC0-301F-11D3-BF4B-00C04F79EFBC}") = "FightGameRaul.Model", "FightGameRaul.Model\FightGameRaul.Model.csproj", "{F969C3BA-2AA4-4C13-A477-10AE31A941A5}"
EndProject
Project("{FAE04EC0-301F-11D3-BF4B-00C04F79EFBC}") = "FightGameRaul.Services", "FightGameRaul.Services\FightGameRaul.Services.csproj", "{6852903C-7339-4A6E-88E8-97ACD709AF6B}"
EndProject
Global
	GlobalSection(SolutionConfigurationPlatforms) = preSolution
		Debug|Any CPU = Debug|Any CPU
		Release|Any CPU = Release|Any CPU
	EndGlobalSection
	GlobalSection(ProjectConfigurationPlatforms) = postSolution
		{6F9A09B1-7ECC-4C38-B376-8B50A6512335}.Debug|Any CPU.ActiveCfg = Debug|Any CPU
		{6F9A09B1-7ECC-4C38-B376-8B50A6512335}.Debug|Any CPU.Build.0 = Debug|Any CPU
		{6F9A09B1-7ECC-4C38-B376-8B50A6512335}.Release|Any CPU.ActiveCfg = Release|Any CPU
		{6F9A09B1-7ECC-4C38-B376-8B50A6512335}.Release|Any CPU.Build.0 = Release|Any CPU
		{560360A2-C777-48B9-8951-B09981F73D62}.Debug|Any CPU.ActiveCfg = Debug|Any CPU
		{560360A2-C777-48B9-8951-B09981F73D62}.Debug|Any CPU.Build.0 = Debug|Any CPU
		{560360A2-C777-48B9-8951-B09981F73D62}.Release|Any CPU.ActiveCfg = Release|Any CPU
		{560360A2-C777-48B9-8951-B09981F73D62}.Release|Any CPU.Build.0 = Release|Any CPU
		{F969C3BA-2AA4-4C13-A477-10AE31A941A5}.Debug|Any CPU.ActiveCfg = Debug|Any CPU
		{F969C3BA-2AA4-4C13-A477-10AE31A941A5}.Debug|Any CPU.Build.0 = Debug|Any CPU
		{F969C3BA-2AA4-4C13-A477-10AE31A941A5}.Release|Any CPU.ActiveCfg = Release|Any CPU
		{F969C3BA-2AA4-4C13-A477-10AE31A941A5}.Release|Any CPU.Build.0 = Release|Any CPU
		{6852903C-7339-4A6E-88E8-97ACD709AF6B}.Debug|Any CPU.ActiveCfg = Debug|Any CPU
		{6852903C-7339-4A6E-88E8-97ACD709AF6B}.Debug|Any CPU.Build.0 = Debug|Any CPU
		{6852903C-7339-4A6E-88E8-97ACD709AF6B}.Release|Any CPU.ActiveCfg = Release|Any CPU
		{6852903C-7339-4A6E-88E8-97ACD709AF6B}.Release|Any CPU.Build.0 = Release|Any CPU
	EndGlobalSection
	GlobalSection(SolutionProperties) = preSolution
		HideSolutionNode = FALSE
	EndGlobalSection
	GlobalSection(ExtensibilityGlobals) = postSolution
		SolutionGuid = {EE408EB9-F9ED-429B-B15E-6CA6F34DBEAD}
	EndGlobalSection
EndGlobal
